// !$*UTF8*$!
{
	archiveVersion = 1;
	classes = {
	};
	objectVersion = 55;
	objects = {

/* Begin PBXBuildFile section */
		44383F0028AFC4B800DC9F4A /* HomePage.swift in Sources */ = {isa = PBXBuildFile; fileRef = 44383EFF28AFC4B800DC9F4A /* HomePage.swift */; };
		44383F0228AFDE4D00DC9F4A /* Item.swift in Sources */ = {isa = PBXBuildFile; fileRef = 44383F0128AFDE4D00DC9F4A /* Item.swift */; };
		44383F0428B0047800DC9F4A /* CartList.swift in Sources */ = {isa = PBXBuildFile; fileRef = 44383F0328B0047800DC9F4A /* CartList.swift */; };
		447BEA5128AEED880094EA8E /* Login.swift in Sources */ = {isa = PBXBuildFile; fileRef = 447BEA5028AEED880094EA8E /* Login.swift */; };
		44B3638228AEA57F0003E746 /* AppDelegate.swift in Sources */ = {isa = PBXBuildFile; fileRef = 44B3638128AEA57F0003E746 /* AppDelegate.swift */; };
		44B3638428AEA57F0003E746 /* SceneDelegate.swift in Sources */ = {isa = PBXBuildFile; fileRef = 44B3638328AEA57F0003E746 /* SceneDelegate.swift */; };
		44B3638628AEA57F0003E746 /* ViewController.swift in Sources */ = {isa = PBXBuildFile; fileRef = 44B3638528AEA57F0003E746 /* ViewController.swift */; };
		44B3638928AEA57F0003E746 /* Main.storyboard in Resources */ = {isa = PBXBuildFile; fileRef = 44B3638728AEA57F0003E746 /* Main.storyboard */; };
		44B3638B28AEA5810003E746 /* Assets.xcassets in Resources */ = {isa = PBXBuildFile; fileRef = 44B3638A28AEA5810003E746 /* Assets.xcassets */; };
		44B3638E28AEA5810003E746 /* LaunchScreen.storyboard in Resources */ = {isa = PBXBuildFile; fileRef = 44B3638C28AEA5810003E746 /* LaunchScreen.storyboard */; };
		44B3639628AEDB330003E746 /* SignUp.swift in Sources */ = {isa = PBXBuildFile; fileRef = 44B3639528AEDB330003E746 /* SignUp.swift */; };
/* End PBXBuildFile section */

/* Begin PBXFileReference section */
		44383EFF28AFC4B800DC9F4A /* HomePage.swift */ = {isa = PBXFileReference; lastKnownFileType = sourcecode.swift; path = HomePage.swift; sourceTree = SOURCE_ROOT; };
		44383F0128AFDE4D00DC9F4A /* Item.swift */ = {isa = PBXFileReference; lastKnownFileType = sourcecode.swift; path = Item.swift; sourceTree = SOURCE_ROOT; };
		44383F0328B0047800DC9F4A /* CartList.swift */ = {isa = PBXFileReference; lastKnownFileType = sourcecode.swift; path = CartList.swift; sourceTree = SOURCE_ROOT; };
		447BEA5028AEED880094EA8E /* Login.swift */ = {isa = PBXFileReference; lastKnownFileType = sourcecode.swift; path = Login.swift; sourceTree = SOURCE_ROOT; };
		44B3637E28AEA57F0003E746 /* MyProject - Maan Alsalman.app */ = {isa = PBXFileReference; explicitFileType = wrapper.application; includeInIndex = 0; path = "MyProject - Maan Alsalman.app"; sourceTree = BUILT_PRODUCTS_DIR; };
		44B3638128AEA57F0003E746 /* AppDelegate.swift */ = {isa = PBXFileReference; lastKnownFileType = sourcecode.swift; path = AppDelegate.swift; sourceTree = "<group>"; };
		44B3638328AEA57F0003E746 /* SceneDelegate.swift */ = {isa = PBXFileReference; lastKnownFileType = sourcecode.swift; path = SceneDelegate.swift; sourceTree = "<group>"; };
		44B3638528AEA57F0003E746 /* ViewController.swift */ = {isa = PBXFileReference; lastKnownFileType = sourcecode.swift; path = ViewController.swift; sourceTree = "<group>"; };
		44B3638828AEA57F0003E746 /* Base */ = {isa = PBXFileReference; lastKnownFileType = file.storyboard; name = Base; path = Base.lproj/Main.storyboard; sourceTree = "<group>"; };
		44B3638A28AEA5810003E746 /* Assets.xcassets */ = {isa = PBXFileReference; lastKnownFileType = folder.assetcatalog; path = Assets.xcassets; sourceTree = "<group>"; };
		44B3638D28AEA5810003E746 /* Base */ = {isa = PBXFileReference; lastKnownFileType = file.storyboard; name = Base; path = Base.lproj/LaunchScreen.storyboard; sourceTree = "<group>"; };
		44B3638F28AEA5810003E746 /* Info.plist */ = {isa = PBXFileReference; lastKnownFileType = text.plist.xml; path = Info.plist; sourceTree = "<group>"; };
		44B3639528AEDB330003E746 /* SignUp.swift */ = {isa = PBXFileReference; lastKnownFileType = sourcecode.swift; path = SignUp.swift; sourceTree = SOURCE_ROOT; };
/* End PBXFileReference section */

/* Begin PBXFrameworksBuildPhase section */
		44B3637B28AEA57F0003E746 /* Frameworks */ = {
			isa = PBXFrameworksBuildPhase;
			buildActionMask = 2147483647;
			files = (
			);
			runOnlyForDeploymentPostprocessing = 0;
		};
/* End PBXFrameworksBuildPhase section */

/* Begin PBXGroup section */
		44B3637528AEA57F0003E746 = {
			isa = PBXGroup;
			children = (
				44B3638028AEA57F0003E746 /* MyProject - Maan Alsalman */,
				44B3637F28AEA57F0003E746 /* Products */,
			);
			sourceTree = "<group>";
		};
		44B3637F28AEA57F0003E746 /* Products */ = {
			isa = PBXGroup;
			children = (
				44B3637E28AEA57F0003E746 /* MyProject - Maan Alsalman.app */,
			);
			name = Products;
			sourceTree = "<group>";
		};
		44B3638028AEA57F0003E746 /* MyProject - Maan Alsalman */ = {
			isa = PBXGroup;
			children = (
				44383F0328B0047800DC9F4A /* CartList.swift */,
				44383F0128AFDE4D00DC9F4A /* Item.swift */,
				44383EFF28AFC4B800DC9F4A /* HomePage.swift */,
				447BEA5028AEED880094EA8E /* Login.swift */,
				44B3639528AEDB330003E746 /* SignUp.swift */,
				44B3638128AEA57F0003E746 /* AppDelegate.swift */,
				44B3638328AEA57F0003E746 /* SceneDelegate.swift */,
				44B3638528AEA57F0003E746 /* ViewController.swift */,
				44B3638728AEA57F0003E746 /* Main.storyboard */,
				44B3638A28AEA5810003E746 /* Assets.xcassets */,
				44B3638C28AEA5810003E746 /* LaunchScreen.storyboard */,
				44B3638F28AEA5810003E746 /* Info.plist */,
			);
			path = "MyProject - Maan Alsalman";
			sourceTree = "<group>";
		};
/* End PBXGroup section */

/* Begin PBXNativeTarget section */
		44B3637D28AEA57F0003E746 /* MyProject - Maan Alsalman */ = {
			isa = PBXNativeTarget;
			buildConfigurationList = 44B3639228AEA5810003E746 /* Build configuration list for PBXNativeTarget "MyProject - Maan Alsalman" */;
			buildPhases = (
				44B3637A28AEA57F0003E746 /* Sources */,
				44B3637B28AEA57F0003E746 /* Frameworks */,
				44B3637C28AEA57F0003E746 /* Resources */,
			);
			buildRules = (
			);
			dependencies = (
			);
			name = "MyProject - Maan Alsalman";
			productName = "MyProject - Maan Alsalman";
			productReference = 44B3637E28AEA57F0003E746 /* MyProject - Maan Alsalman.app */;
			productType = "com.apple.product-type.application";
		};
/* End PBXNativeTarget section */

/* Begin PBXProject section */
		44B3637628AEA57F0003E746 /* Project object */ = {
			isa = PBXProject;
			attributes = {
				BuildIndependentTargetsInParallel = 1;
				LastSwiftUpdateCheck = 1340;
				LastUpgradeCheck = 1340;
				TargetAttributes = {
					44B3637D28AEA57F0003E746 = {
						CreatedOnToolsVersion = 13.4.1;
					};
				};
			};
			buildConfigurationList = 44B3637928AEA57F0003E746 /* Build configuration list for PBXProject "MyProject - Maan Alsalman" */;
			compatibilityVersion = "Xcode 13.0";
			developmentRegion = en;
			hasScannedForEncodings = 0;
			knownRegions = (
				en,
				Base,
			);
			mainGroup = 44B3637528AEA57F0003E746;
			productRefGroup = 44B3637F28AEA57F0003E746 /* Products */;
			projectDirPath = "";
			projectRoot = "";
			targets = (
				44B3637D28AEA57F0003E746 /* MyProject - Maan Alsalman */,
			);
		};
/* End PBXProject section */

/* Begin PBXResourcesBuildPhase section */
		44B3637C28AEA57F0003E746 /* Resources */ = {
			isa = PBXResourcesBuildPhase;
			buildActionMask = 2147483647;
			files = (
				44B3638E28AEA5810003E746 /* LaunchScreen.storyboard in Resources */,
				44B3638B28AEA5810003E746 /* Assets.xcassets in Resources */,
				44B3638928AEA57F0003E746 /* Main.storyboard in Resources */,
			);
			runOnlyForDeploymentPostprocessing = 0;
		};
/* End PBXResourcesBuildPhase section */

/* Begin PBXSourcesBuildPhase section */
		44B3637A28AEA57F0003E746 /* Sources */ = {
			isa = PBXSourcesBuildPhase;
			buildActionMask = 2147483647;
			files = (
				44B3638628AEA57F0003E746 /* ViewController.swift in Sources */,
				44383F0028AFC4B800DC9F4A /* HomePage.swift in Sources */,
				447BEA5128AEED880094EA8E /* Login.swift in Sources */,
				44B3639628AEDB330003E746 /* SignUp.swift in Sources */,
				44383F0228AFDE4D00DC9F4A /* Item.swift in Sources */,
				44B3638228AEA57F0003E746 /* AppDelegate.swift in Sources */,
				44B3638428AEA57F0003E746 /* SceneDelegate.swift in Sources */,
				44383F0428B0047800DC9F4A /* CartList.swift in Sources */,
			);
			runOnlyForDeploymentPostprocessing = 0;
		};
/* End PBXSourcesBuildPhase section */

/* Begin PBXVariantGroup section */
		44B3638728AEA57F0003E746 /* Main.storyboard */ = {
			isa = PBXVariantGroup;
			children = (
				44B3638828AEA57F0003E746 /* Base */,
			);
			name = Main.storyboard;
			sourceTree = "<group>";
		};
		44B3638C28AEA5810003E746 /* LaunchScreen.storyboard */ = {
			isa = PBXVariantGroup;
			children = (
				44B3638D28AEA5810003E746 /* Base */,
			);
			name = LaunchScreen.storyboard;
			sourceTree = "<group>";
		};
/* End PBXVariantGroup section */

/* Begin XCBuildConfiguration section */
		44B3639028AEA5810003E746 /* Debug */ = {
			isa = XCBuildConfiguration;
			buildSettings = {
				ALWAYS_SEARCH_USER_PATHS = NO;
				CLANG_ANALYZER_NONNULL = YES;
				CLANG_ANALYZER_NUMBER_OBJECT_CONVERSION = YES_AGGRESSIVE;
				CLANG_CXX_LANGUAGE_STANDARD = "gnu++17";
				CLANG_ENABLE_MODULES = YES;
				CLANG_ENABLE_OBJC_ARC = YES;
				CLANG_ENABLE_OBJC_WEAK = YES;
				CLANG_WARN_BLOCK_CAPTURE_AUTORELEASING = YES;
				CLANG_WARN_BOOL_CONVERSION = YES;
				CLANG_WARN_COMMA = YES;
				CLANG_WARN_CONSTANT_CONVERSION = YES;
				CLANG_WARN_DEPRECATED_OBJC_IMPLEMENTATIONS = YES;
				CLANG_WARN_DIRECT_OBJC_ISA_USAGE = YES_ERROR;
				CLANG_WARN_DOCUMENTATION_COMMENTS = YES;
				CLANG_WARN_EMPTY_BODY = YES;
				CLANG_WARN_ENUM_CONVERSION = YES;
				CLANG_WARN_INFINITE_RECURSION = YES;
				CLANG_WARN_INT_CONVERSION = YES;
				CLANG_WARN_NON_LITERAL_NULL_CONVERSION = YES;
				CLANG_WARN_OBJC_IMPLICIT_RETAIN_SELF = YES;
				CLANG_WARN_OBJC_LITERAL_CONVERSION = YES;
				CLANG_WARN_OBJC_ROOT_CLASS = YES_ERROR;
				CLANG_WARN_QUOTED_INCLUDE_IN_FRAMEWORK_HEADER = YES;
				CLANG_WARN_RANGE_LOOP_ANALYSIS = YES;
				CLANG_WARN_STRICT_PROTOTYPES = YES;
				CLANG_WARN_SUSPICIOUS_MOVE = YES;
				CLANG_WARN_UNGUARDED_AVAILABILITY = YES_AGGRESSIVE;
				CLANG_WARN_UNREACHABLE_CODE = YES;
				CLANG_WARN__DUPLICATE_METHOD_MATCH = YES;
				COPY_PHASE_STRIP = NO;
				DEBUG_INFORMATION_FORMAT = dwarf;
				ENABLE_STRICT_OBJC_MSGSEND = YES;
				ENABLE_TESTABILITY = YES;
				GCC_C_LANGUAGE_STANDARD = gnu11;
				GCC_DYNAMIC_NO_PIC = NO;
				GCC_NO_COMMON_BLOCKS = YES;
				GCC_OPTIMIZATION_LEVEL = 0;
				GCC_PREPROCESSOR_DEFINITIONS = (
					"DEBUG=1",
					"$(inherited)",
				);
				GCC_WARN_64_TO_32_BIT_CONVERSION = YES;
				GCC_WARN_ABOUT_RETURN_TYPE = YES_ERROR;
				GCC_WARN_UNDECLARED_SELECTOR = YES;
				GCC_WARN_UNINITIALIZED_AUTOS = YES_AGGRESSIVE;
				GCC_WARN_UNUSED_FUNCTION = YES;
				GCC_WARN_UNUSED_VARIABLE = YES;
				IPHONEOS_DEPLOYMENT_TARGET = 15.5;
				MTL_ENABLE_DEBUG_INFO = INCLUDE_SOURCE;
				MTL_FAST_MATH = YES;
				ONLY_ACTIVE_ARCH = YES;
				SDKROOT = iphoneos;
				SWIFT_ACTIVE_COMPILATION_CONDITIONS = DEBUG;
				SWIFT_OPTIMIZATION_LEVEL = "-Onone";
			};
			name = Debug;
		};
		44B3639128AEA5810003E746 /* Release */ = {
			isa = XCBuildConfiguration;
			buildSettings = {
				ALWAYS_SEARCH_USER_PATHS = NO;
				CLANG_ANALYZER_NONNULL = YES;
				CLANG_ANALYZER_NUMBER_OBJECT_CONVERSION = YES_AGGRESSIVE;
				CLANG_CXX_LANGUAGE_STANDARD = "gnu++17";
				CLANG_ENABLE_MODULES = YES;
				CLANG_ENABLE_OBJC_ARC = YES;
				CLANG_ENABLE_OBJC_WEAK = YES;
				CLANG_WARN_BLOCK_CAPTURE_AUTORELEASING = YES;
				CLANG_WARN_BOOL_CONVERSION = YES;
				CLANG_WARN_COMMA = YES;
				CLANG_WARN_CONSTANT_CONVERSION = YES;
				CLANG_WARN_DEPRECATED_OBJC_IMPLEMENTATIONS = YES;
				CLANG_WARN_DIRECT_OBJC_ISA_USAGE = YES_ERROR;
				CLANG_WARN_DOCUMENTATION_COMMENTS = YES;
				CLANG_WARN_EMPTY_BODY = YES;
				CLANG_WARN_ENUM_CONVERSION = YES;
				CLANG_WARN_INFINITE_RECURSION = YES;
				CLANG_WARN_INT_CONVERSION = YES;
				CLANG_WARN_NON_LITERAL_NULL_CONVERSION = YES;
				CLANG_WARN_OBJC_IMPLICIT_RETAIN_SELF = YES;
				CLANG_WARN_OBJC_LITERAL_CONVERSION = YES;
				CLANG_WARN_OBJC_ROOT_CLASS = YES_ERROR;
				CLANG_WARN_QUOTED_INCLUDE_IN_FRAMEWORK_HEADER = YES;
				CLANG_WARN_RANGE_LOOP_ANALYSIS = YES;
				CLANG_WARN_STRICT_PROTOTYPES = YES;
				CLANG_WARN_SUSPICIOUS_MOVE = YES;
				CLANG_WARN_UNGUARDED_AVAILABILITY = YES_AGGRESSIVE;
				CLANG_WARN_UNREACHABLE_CODE = YES;
				CLANG_WARN__DUPLICATE_METHOD_MATCH = YES;
				COPY_PHASE_STRIP = NO;
				DEBUG_INFORMATION_FORMAT = "dwarf-with-dsym";
				ENABLE_NS_ASSERTIONS = NO;
				ENABLE_STRICT_OBJC_MSGSEND = YES;
				GCC_C_LANGUAGE_STANDARD = gnu11;
				GCC_NO_COMMON_BLOCKS = YES;
				GCC_WARN_64_TO_32_BIT_CONVERSION = YES;
				GCC_WARN_ABOUT_RETURN_TYPE = YES_ERROR;
				GCC_WARN_UNDECLARED_SELECTOR = YES;
				GCC_WARN_UNINITIALIZED_AUTOS = YES_AGGRESSIVE;
				GCC_WARN_UNUSED_FUNCTION = YES;
				GCC_WARN_UNUSED_VARIABLE = YES;
				IPHONEOS_DEPLOYMENT_TARGET = 15.5;
				MTL_ENABLE_DEBUG_INFO = NO;
				MTL_FAST_MATH = YES;
				SDKROOT = iphoneos;
				SWIFT_COMPILATION_MODE = wholemodule;
				SWIFT_OPTIMIZATION_LEVEL = "-O";
				VALIDATE_PRODUCT = YES;
			};
			name = Release;
		};
		44B3639328AEA5810003E746 /* Debug */ = {
			isa = XCBuildConfiguration;
			buildSettings = {
				ASSETCATALOG_COMPILER_APPICON_NAME = AppIcon;
				ASSETCATALOG_COMPILER_GLOBAL_ACCENT_COLOR_NAME = AccentColor;
				CODE_SIGN_STYLE = Automatic;
				CURRENT_PROJECT_VERSION = 1;
				GENERATE_INFOPLIST_FILE = YES;
				INFOPLIST_FILE = "MyProject - Maan Alsalman/Info.plist";
				INFOPLIST_KEY_UIApplicationSupportsIndirectInputEvents = YES;
				INFOPLIST_KEY_UILaunchStoryboardName = LaunchScreen;
				INFOPLIST_KEY_UIMainStoryboardFile = Main;
				INFOPLIST_KEY_UISupportedInterfaceOrientations_iPad = "UIInterfaceOrientationPortrait UIInterfaceOrientationPortraitUpsideDown UIInterfaceOrientationLandscapeLeft UIInterfaceOrientationLandscapeRight";
				INFOPLIST_KEY_UISupportedInterfaceOrientations_iPhone = "UIInterfaceOrientationPortrait UIInterfaceOrientationLandscapeLeft UIInterfaceOrientationLandscapeRight";
				LD_RUNPATH_SEARCH_PATHS = (
					"$(inherited)",
					"@executable_path/Frameworks",
				);
				MARKETING_VERSION = 1.0;
				PRODUCT_BUNDLE_IDENTIFIER = "com.example.MyProject---Maan-Alsalman";
				PRODUCT_NAME = "$(TARGET_NAME)";
				SWIFT_EMIT_LOC_STRINGS = YES;
				SWIFT_VERSION = 5.0;
				TARGETED_DEVICE_FAMILY = "1,2";
			};
			name = Debug;
		};
		44B3639428AEA5810003E746 /* Release */ = {
			isa = XCBuildConfiguration;
			buildSettings = {
				ASSETCATALOG_COMPILER_APPICON_NAME = AppIcon;
				ASSETCATALOG_COMPILER_GLOBAL_ACCENT_COLOR_NAME = AccentColor;
				CODE_SIGN_STYLE = Automatic;
				CURRENT_PROJECT_VERSION = 1;
				GENERATE_INFOPLIST_FILE = YES;
				INFOPLIST_FILE = "MyProject - Maan Alsalman/Info.plist";
				INFOPLIST_KEY_UIApplicationSupportsIndirectInputEvents = YES;
				INFOPLIST_KEY_UILaunchStoryboardName = LaunchScreen;
				INFOPLIST_KEY_UIMainStoryboardFile = Main;
				INFOPLIST_KEY_UISupportedInterfaceOrientations_iPad = "UIInterfaceOrientationPortrait UIInterfaceOrientationPortraitUpsideDown UIInterfaceOrientationLandscapeLeft UIInterfaceOrientationLandscapeRight";
				INFOPLIST_KEY_UISupportedInterfaceOrientations_iPhone = "UIInterfaceOrientationPortrait UIInterfaceOrientationLandscapeLeft UIInterfaceOrientationLandscapeRight";
				LD_RUNPATH_SEARCH_PATHS = (
					"$(inherited)",
					"@executable_path/Frameworks",
				);
				MARKETING_VERSION = 1.0;
				PRODUCT_BUNDLE_IDENTIFIER = "com.example.MyProject---Maan-Alsalman";
				PRODUCT_NAME = "$(TARGET_NAME)";
				SWIFT_EMIT_LOC_STRINGS = YES;
				SWIFT_VERSION = 5.0;
				TARGETED_DEVICE_FAMILY = "1,2";
			};
			name = Release;
		};
/* End XCBuildConfiguration section */

/* Begin XCConfigurationList section */
		44B3637928AEA57F0003E746 /* Build configuration list for PBXProject "MyProject - Maan Alsalman" */ = {
			isa = XCConfigurationList;
			buildConfigurations = (
				44B3639028AEA5810003E746 /* Debug */,
				44B3639128AEA5810003E746 /* Release */,
			);
			defaultConfigurationIsVisible = 0;
			defaultConfigurationName = Release;
		};
		44B3639228AEA5810003E746 /* Build configuration list for PBXNativeTarget "MyProject - Maan Alsalman" */ = {
			isa = XCConfigurationList;
			buildConfigurations = (
				44B3639328AEA5810003E746 /* Debug */,
				44B3639428AEA5810003E746 /* Release */,
			);
			defaultConfigurationIsVisible = 0;
			defaultConfigurationName = Release;
		};
/* End XCConfigurationList section */
	};
	rootObject = 44B3637628AEA57F0003E746 /* Project object */;
}
