// !$*UTF8*$!
{
	archiveVersion = 1;
	classes = {
	};
	objectVersion = 55;
	objects = {

/* Begin PBXBuildFile section */
		CE12037428AE713E009BA0C9 /* StoryHome.swift in Sources */ = {isa = PBXBuildFile; fileRef = CE12037328AE713E009BA0C9 /* StoryHome.swift */; };
		CE12037628AE723F009BA0C9 /* Story1.swift in Sources */ = {isa = PBXBuildFile; fileRef = CE12037528AE723F009BA0C9 /* Story1.swift */; };
		CE12037828AE796F009BA0C9 /* Story2.swift in Sources */ = {isa = PBXBuildFile; fileRef = CE12037728AE796F009BA0C9 /* Story2.swift */; };
		CE1CA9D228AE4F4C0087B936 /* AppDelegate.swift in Sources */ = {isa = PBXBuildFile; fileRef = CE1CA9D128AE4F4C0087B936 /* AppDelegate.swift */; };
		CE1CA9D428AE4F4C0087B936 /* SceneDelegate.swift in Sources */ = {isa = PBXBuildFile; fileRef = CE1CA9D328AE4F4C0087B936 /* SceneDelegate.swift */; };
		CE1CA9D628AE4F4C0087B936 /* ViewController.swift in Sources */ = {isa = PBXBuildFile; fileRef = CE1CA9D528AE4F4C0087B936 /* ViewController.swift */; };
		CE1CA9D928AE4F4C0087B936 /* Main.storyboard in Resources */ = {isa = PBXBuildFile; fileRef = CE1CA9D728AE4F4C0087B936 /* Main.storyboard */; };
		CE1CA9DB28AE4F4F0087B936 /* Assets.xcassets in Resources */ = {isa = PBXBuildFile; fileRef = CE1CA9DA28AE4F4F0087B936 /* Assets.xcassets */; };
		CE1CA9DE28AE4F4F0087B936 /* LaunchScreen.storyboard in Resources */ = {isa = PBXBuildFile; fileRef = CE1CA9DC28AE4F4F0087B936 /* LaunchScreen.storyboard */; };
/* End PBXBuildFile section */

/* Begin PBXFileReference section */
		CE12037328AE713E009BA0C9 /* StoryHome.swift */ = {isa = PBXFileReference; lastKnownFileType = sourcecode.swift; path = StoryHome.swift; sourceTree = "<group>"; };
		CE12037528AE723F009BA0C9 /* Story1.swift */ = {isa = PBXFileReference; lastKnownFileType = sourcecode.swift; path = Story1.swift; sourceTree = "<group>"; };
		CE12037728AE796F009BA0C9 /* Story2.swift */ = {isa = PBXFileReference; lastKnownFileType = sourcecode.swift; path = Story2.swift; sourceTree = "<group>"; };
		CE1CA9CE28AE4F4C0087B936 /* storyApp.app */ = {isa = PBXFileReference; explicitFileType = wrapper.application; includeInIndex = 0; path = storyApp.app; sourceTree = BUILT_PRODUCTS_DIR; };
		CE1CA9D128AE4F4C0087B936 /* AppDelegate.swift */ = {isa = PBXFileReference; lastKnownFileType = sourcecode.swift; path = AppDelegate.swift; sourceTree = "<group>"; };
		CE1CA9D328AE4F4C0087B936 /* SceneDelegate.swift */ = {isa = PBXFileReference; lastKnownFileType = sourcecode.swift; path = SceneDelegate.swift; sourceTree = "<group>"; };
		CE1CA9D528AE4F4C0087B936 /* ViewController.swift */ = {isa = PBXFileReference; lastKnownFileType = sourcecode.swift; path = ViewController.swift; sourceTree = "<group>"; };
		CE1CA9D828AE4F4C0087B936 /* Base */ = {isa = PBXFileReference; lastKnownFileType = file.storyboard; name = Base; path = Base.lproj/Main.storyboard; sourceTree = "<group>"; };
		CE1CA9DA28AE4F4F0087B936 /* Assets.xcassets */ = {isa = PBXFileReference; lastKnownFileType = folder.assetcatalog; path = Assets.xcassets; sourceTree = "<group>"; };
		CE1CA9DD28AE4F4F0087B936 /* Base */ = {isa = PBXFileReference; lastKnownFileType = file.storyboard; name = Base; path = Base.lproj/LaunchScreen.storyboard; sourceTree = "<group>"; };
		CE1CA9DF28AE4F4F0087B936 /* Info.plist */ = {isa = PBXFileReference; lastKnownFileType = text.plist.xml; path = Info.plist; sourceTree = "<group>"; };
/* End PBXFileReference section */

/* Begin PBXFrameworksBuildPhase section */
		CE1CA9CB28AE4F4C0087B936 /* Frameworks */ = {
			isa = PBXFrameworksBuildPhase;
			buildActionMask = 2147483647;
			files = (
			);
			runOnlyForDeploymentPostprocessing = 0;
		};
/* End PBXFrameworksBuildPhase section */

/* Begin PBXGroup section */
		CE1CA9C528AE4F4C0087B936 = {
			isa = PBXGroup;
			children = (
				CE1CA9D028AE4F4C0087B936 /* storyApp */,
				CE1CA9CF28AE4F4C0087B936 /* Products */,
			);
			sourceTree = "<group>";
		};
		CE1CA9CF28AE4F4C0087B936 /* Products */ = {
			isa = PBXGroup;
			children = (
				CE1CA9CE28AE4F4C0087B936 /* storyApp.app */,
			);
			name = Products;
			sourceTree = "<group>";
		};
		CE1CA9D028AE4F4C0087B936 /* storyApp */ = {
			isa = PBXGroup;
			children = (
				CE1CA9D128AE4F4C0087B936 /* AppDelegate.swift */,
				CE1CA9D328AE4F4C0087B936 /* SceneDelegate.swift */,
				CE1CA9D528AE4F4C0087B936 /* ViewController.swift */,
				CE1CA9D728AE4F4C0087B936 /* Main.storyboard */,
				CE1CA9DA28AE4F4F0087B936 /* Assets.xcassets */,
				CE1CA9DC28AE4F4F0087B936 /* LaunchScreen.storyboard */,
				CE1CA9DF28AE4F4F0087B936 /* Info.plist */,
				CE12037328AE713E009BA0C9 /* StoryHome.swift */,
				CE12037528AE723F009BA0C9 /* Story1.swift */,
				CE12037728AE796F009BA0C9 /* Story2.swift */,
			);
			path = storyApp;
			sourceTree = "<group>";
		};
/* End PBXGroup section */

/* Begin PBXNativeTarget section */
		CE1CA9CD28AE4F4C0087B936 /* storyApp */ = {
			isa = PBXNativeTarget;
			buildConfigurationList = CE1CA9E228AE4F4F0087B936 /* Build configuration list for PBXNativeTarget "storyApp" */;
			buildPhases = (
				CE1CA9CA28AE4F4C0087B936 /* Sources */,
				CE1CA9CB28AE4F4C0087B936 /* Frameworks */,
				CE1CA9CC28AE4F4C0087B936 /* Resources */,
			);
			buildRules = (
			);
			dependencies = (
			);
			name = storyApp;
			productName = storyApp;
			productReference = CE1CA9CE28AE4F4C0087B936 /* storyApp.app */;
			productType = "com.apple.product-type.application";
		};
/* End PBXNativeTarget section */

/* Begin PBXProject section */
		CE1CA9C628AE4F4C0087B936 /* Project object */ = {
			isa = PBXProject;
			attributes = {
				BuildIndependentTargetsInParallel = 1;
				LastSwiftUpdateCheck = 1320;
				LastUpgradeCheck = 1320;
				TargetAttributes = {
					CE1CA9CD28AE4F4C0087B936 = {
						CreatedOnToolsVersion = 13.2.1;
					};
				};
			};
			buildConfigurationList = CE1CA9C928AE4F4C0087B936 /* Build configuration list for PBXProject "storyApp" */;
			compatibilityVersion = "Xcode 13.0";
			developmentRegion = en;
			hasScannedForEncodings = 0;
			knownRegions = (
				en,
				Base,
			);
			mainGroup = CE1CA9C528AE4F4C0087B936;
			productRefGroup = CE1CA9CF28AE4F4C0087B936 /* Products */;
			projectDirPath = "";
			projectRoot = "";
			targets = (
				CE1CA9CD28AE4F4C0087B936 /* storyApp */,
			);
		};
/* End PBXProject section */

/* Begin PBXResourcesBuildPhase section */
		CE1CA9CC28AE4F4C0087B936 /* Resources */ = {
			isa = PBXResourcesBuildPhase;
			buildActionMask = 2147483647;
			files = (
				CE1CA9DE28AE4F4F0087B936 /* LaunchScreen.storyboard in Resources */,
				CE1CA9DB28AE4F4F0087B936 /* Assets.xcassets in Resources */,
				CE1CA9D928AE4F4C0087B936 /* Main.storyboard in Resources */,
			);
			runOnlyForDeploymentPostprocessing = 0;
		};
/* End PBXResourcesBuildPhase section */

/* Begin PBXSourcesBuildPhase section */
		CE1CA9CA28AE4F4C0087B936 /* Sources */ = {
			isa = PBXSourcesBuildPhase;
			buildActionMask = 2147483647;
			files = (
				CE12037828AE796F009BA0C9 /* Story2.swift in Sources */,
				CE12037628AE723F009BA0C9 /* Story1.swift in Sources */,
				CE12037428AE713E009BA0C9 /* StoryHome.swift in Sources */,
				CE1CA9D628AE4F4C0087B936 /* ViewController.swift in Sources */,
				CE1CA9D228AE4F4C0087B936 /* AppDelegate.swift in Sources */,
				CE1CA9D428AE4F4C0087B936 /* SceneDelegate.swift in Sources */,
			);
			runOnlyForDeploymentPostprocessing = 0;
		};
/* End PBXSourcesBuildPhase section */

/* Begin PBXVariantGroup section */
		CE1CA9D728AE4F4C0087B936 /* Main.storyboard */ = {
			isa = PBXVariantGroup;
			children = (
				CE1CA9D828AE4F4C0087B936 /* Base */,
			);
			name = Main.storyboard;
			sourceTree = "<group>";
		};
		CE1CA9DC28AE4F4F0087B936 /* LaunchScreen.storyboard */ = {
			isa = PBXVariantGroup;
			children = (
				CE1CA9DD28AE4F4F0087B936 /* Base */,
			);
			name = LaunchScreen.storyboard;
			sourceTree = "<group>";
		};
/* End PBXVariantGroup section */

/* Begin XCBuildConfiguration section */
		CE1CA9E028AE4F4F0087B936 /* Debug */ = {
			isa = XCBuildConfiguration;
			buildSettings = {
				ALWAYS_SEARCH_USER_PATHS = NO;
				CLANG_ANALYZER_NONNULL = YES;
				CLANG_ANALYZER_NUMBER_OBJECT_CONVERSION = YES_AGGRESSIVE;
				CLANG_CXX_LANGUAGE_STANDARD = "gnu++17";
				CLANG_CXX_LIBRARY = "libc++";
				CLANG_ENABLE_MODULES = YES;
				CLANG_ENABLE_OBJC_ARC = YES;
				CLANG_ENABLE_OBJC_WEAK = YES;
				CLANG_WARN_BLOCK_CAPTURE_AUTORELEASING = YES;
				CLANG_WARN_BOOL_CONVERSION = YES;
				CLANG_WARN_COMMA = YES;
				CLANG_WARN_CONSTANT_CONVERSION = YES;
				CLANG_WARN_DEPRECATED_OBJC_IMPLEMENTATIONS = YES;
				CLANG_WARN_DIRECT_OBJC_ISA_USAGE = YES_ERROR;
				CLANG_WARN_DOCUMENTATION_COMMENTS = YES;
				CLANG_WARN_EMPTY_BODY = YES;
				CLANG_WARN_ENUM_CONVERSION = YES;
				CLANG_WARN_INFINITE_RECURSION = YES;
				CLANG_WARN_INT_CONVERSION = YES;
				CLANG_WARN_NON_LITERAL_NULL_CONVERSION = YES;
				CLANG_WARN_OBJC_IMPLICIT_RETAIN_SELF = YES;
				CLANG_WARN_OBJC_LITERAL_CONVERSION = YES;
				CLANG_WARN_OBJC_ROOT_CLASS = YES_ERROR;
				CLANG_WARN_QUOTED_INCLUDE_IN_FRAMEWORK_HEADER = YES;
				CLANG_WARN_RANGE_LOOP_ANALYSIS = YES;
				CLANG_WARN_STRICT_PROTOTYPES = YES;
				CLANG_WARN_SUSPICIOUS_MOVE = YES;
				CLANG_WARN_UNGUARDED_AVAILABILITY = YES_AGGRESSIVE;
				CLANG_WARN_UNREACHABLE_CODE = YES;
				CLANG_WARN__DUPLICATE_METHOD_MATCH = YES;
				COPY_PHASE_STRIP = NO;
				DEBUG_INFORMATION_FORMAT = dwarf;
				ENABLE_STRICT_OBJC_MSGSEND = YES;
				ENABLE_TESTABILITY = YES;
				GCC_C_LANGUAGE_STANDARD = gnu11;
				GCC_DYNAMIC_NO_PIC = NO;
				GCC_NO_COMMON_BLOCKS = YES;
				GCC_OPTIMIZATION_LEVEL = 0;
				GCC_PREPROCESSOR_DEFINITIONS = (
					"DEBUG=1",
					"$(inherited)",
				);
				GCC_WARN_64_TO_32_BIT_CONVERSION = YES;
				GCC_WARN_ABOUT_RETURN_TYPE = YES_ERROR;
				GCC_WARN_UNDECLARED_SELECTOR = YES;
				GCC_WARN_UNINITIALIZED_AUTOS = YES_AGGRESSIVE;
				GCC_WARN_UNUSED_FUNCTION = YES;
				GCC_WARN_UNUSED_VARIABLE = YES;
				IPHONEOS_DEPLOYMENT_TARGET = 15.2;
				MTL_ENABLE_DEBUG_INFO = INCLUDE_SOURCE;
				MTL_FAST_MATH = YES;
				ONLY_ACTIVE_ARCH = YES;
				SDKROOT = iphoneos;
				SWIFT_ACTIVE_COMPILATION_CONDITIONS = DEBUG;
				SWIFT_OPTIMIZATION_LEVEL = "-Onone";
			};
			name = Debug;
		};
		CE1CA9E128AE4F4F0087B936 /* Release */ = {
			isa = XCBuildConfiguration;
			buildSettings = {
				ALWAYS_SEARCH_USER_PATHS = NO;
				CLANG_ANALYZER_NONNULL = YES;
				CLANG_ANALYZER_NUMBER_OBJECT_CONVERSION = YES_AGGRESSIVE;
				CLANG_CXX_LANGUAGE_STANDARD = "gnu++17";
				CLANG_CXX_LIBRARY = "libc++";
				CLANG_ENABLE_MODULES = YES;
				CLANG_ENABLE_OBJC_ARC = YES;
				CLANG_ENABLE_OBJC_WEAK = YES;
				CLANG_WARN_BLOCK_CAPTURE_AUTORELEASING = YES;
				CLANG_WARN_BOOL_CONVERSION = YES;
				CLANG_WARN_COMMA = YES;
				CLANG_WARN_CONSTANT_CONVERSION = YES;
				CLANG_WARN_DEPRECATED_OBJC_IMPLEMENTATIONS = YES;
				CLANG_WARN_DIRECT_OBJC_ISA_USAGE = YES_ERROR;
				CLANG_WARN_DOCUMENTATION_COMMENTS = YES;
				CLANG_WARN_EMPTY_BODY = YES;
				CLANG_WARN_ENUM_CONVERSION = YES;
				CLANG_WARN_INFINITE_RECURSION = YES;
				CLANG_WARN_INT_CONVERSION = YES;
				CLANG_WARN_NON_LITERAL_NULL_CONVERSION = YES;
				CLANG_WARN_OBJC_IMPLICIT_RETAIN_SELF = YES;
				CLANG_WARN_OBJC_LITERAL_CONVERSION = YES;
				CLANG_WARN_OBJC_ROOT_CLASS = YES_ERROR;
				CLANG_WARN_QUOTED_INCLUDE_IN_FRAMEWORK_HEADER = YES;
				CLANG_WARN_RANGE_LOOP_ANALYSIS = YES;
				CLANG_WARN_STRICT_PROTOTYPES = YES;
				CLANG_WARN_SUSPICIOUS_MOVE = YES;
				CLANG_WARN_UNGUARDED_AVAILABILITY = YES_AGGRESSIVE;
				CLANG_WARN_UNREACHABLE_CODE = YES;
				CLANG_WARN__DUPLICATE_METHOD_MATCH = YES;
				COPY_PHASE_STRIP = NO;
				DEBUG_INFORMATION_FORMAT = "dwarf-with-dsym";
				ENABLE_NS_ASSERTIONS = NO;
				ENABLE_STRICT_OBJC_MSGSEND = YES;
				GCC_C_LANGUAGE_STANDARD = gnu11;
				GCC_NO_COMMON_BLOCKS = YES;
				GCC_WARN_64_TO_32_BIT_CONVERSION = YES;
				GCC_WARN_ABOUT_RETURN_TYPE = YES_ERROR;
				GCC_WARN_UNDECLARED_SELECTOR = YES;
				GCC_WARN_UNINITIALIZED_AUTOS = YES_AGGRESSIVE;
				GCC_WARN_UNUSED_FUNCTION = YES;
				GCC_WARN_UNUSED_VARIABLE = YES;
				IPHONEOS_DEPLOYMENT_TARGET = 15.2;
				MTL_ENABLE_DEBUG_INFO = NO;
				MTL_FAST_MATH = YES;
				SDKROOT = iphoneos;
				SWIFT_COMPILATION_MODE = wholemodule;
				SWIFT_OPTIMIZATION_LEVEL = "-O";
				VALIDATE_PRODUCT = YES;
			};
			name = Release;
		};
		CE1CA9E328AE4F4F0087B936 /* Debug */ = {
			isa = XCBuildConfiguration;
			buildSettings = {
				ASSETCATALOG_COMPILER_APPICON_NAME = AppIcon;
				ASSETCATALOG_COMPILER_GLOBAL_ACCENT_COLOR_NAME = AccentColor;
				CODE_SIGN_STYLE = Automatic;
				CURRENT_PROJECT_VERSION = 1;
				GENERATE_INFOPLIST_FILE = YES;
				INFOPLIST_FILE = storyApp/Info.plist;
				INFOPLIST_KEY_UIApplicationSupportsIndirectInputEvents = YES;
				INFOPLIST_KEY_UILaunchStoryboardName = LaunchScreen;
				INFOPLIST_KEY_UIMainStoryboardFile = Main;
				INFOPLIST_KEY_UISupportedInterfaceOrientations_iPad = "UIInterfaceOrientationPortrait UIInterfaceOrientationPortraitUpsideDown UIInterfaceOrientationLandscapeLeft UIInterfaceOrientationLandscapeRight";
				INFOPLIST_KEY_UISupportedInterfaceOrientations_iPhone = "UIInterfaceOrientationPortrait UIInterfaceOrientationLandscapeLeft UIInterfaceOrientationLandscapeRight";
				LD_RUNPATH_SEARCH_PATHS = (
					"$(inherited)",
					"@executable_path/Frameworks",
				);
				MARKETING_VERSION = 1.0;
				PRODUCT_BUNDLE_IDENTIFIER = com.example.storyApp;
				PRODUCT_NAME = "$(TARGET_NAME)";
				SWIFT_EMIT_LOC_STRINGS = YES;
				SWIFT_VERSION = 5.0;
				TARGETED_DEVICE_FAMILY = "1,2";
			};
			name = Debug;
		};
		CE1CA9E428AE4F4F0087B936 /* Release */ = {
			isa = XCBuildConfiguration;
			buildSettings = {
				ASSETCATALOG_COMPILER_APPICON_NAME = AppIcon;
				ASSETCATALOG_COMPILER_GLOBAL_ACCENT_COLOR_NAME = AccentColor;
				CODE_SIGN_STYLE = Automatic;
				CURRENT_PROJECT_VERSION = 1;
				GENERATE_INFOPLIST_FILE = YES;
				INFOPLIST_FILE = storyApp/Info.plist;
				INFOPLIST_KEY_UIApplicationSupportsIndirectInputEvents = YES;
				INFOPLIST_KEY_UILaunchStoryboardName = LaunchScreen;
				INFOPLIST_KEY_UIMainStoryboardFile = Main;
				INFOPLIST_KEY_UISupportedInterfaceOrientations_iPad = "UIInterfaceOrientationPortrait UIInterfaceOrientationPortraitUpsideDown UIInterfaceOrientationLandscapeLeft UIInterfaceOrientationLandscapeRight";
				INFOPLIST_KEY_UISupportedInterfaceOrientations_iPhone = "UIInterfaceOrientationPortrait UIInterfaceOrientationLandscapeLeft UIInterfaceOrientationLandscapeRight";
				LD_RUNPATH_SEARCH_PATHS = (
					"$(inherited)",
					"@executable_path/Frameworks",
				);
				MARKETING_VERSION = 1.0;
				PRODUCT_BUNDLE_IDENTIFIER = com.example.storyApp;
				PRODUCT_NAME = "$(TARGET_NAME)";
				SWIFT_EMIT_LOC_STRINGS = YES;
				SWIFT_VERSION = 5.0;
				TARGETED_DEVICE_FAMILY = "1,2";
			};
			name = Release;
		};
/* End XCBuildConfiguration section */

/* Begin XCConfigurationList section */
		CE1CA9C928AE4F4C0087B936 /* Build configuration list for PBXProject "storyApp" */ = {
			isa = XCConfigurationList;
			buildConfigurations = (
				CE1CA9E028AE4F4F0087B936 /* Debug */,
				CE1CA9E128AE4F4F0087B936 /* Release */,
			);
			defaultConfigurationIsVisible = 0;
			defaultConfigurationName = Release;
		};
		CE1CA9E228AE4F4F0087B936 /* Build configuration list for PBXNativeTarget "storyApp" */ = {
			isa = XCConfigurationList;
			buildConfigurations = (
				CE1CA9E328AE4F4F0087B936 /* Debug */,
				CE1CA9E428AE4F4F0087B936 /* Release */,
			);
			defaultConfigurationIsVisible = 0;
			defaultConfigurationName = Release;
		};
/* End XCConfigurationList section */
	};
	rootObject = CE1CA9C628AE4F4C0087B936 /* Project object */;
}
